
Microsoft Visual Studio Solution File, Format Version 12.00
# Visual Studio Version 17
VisualStudioVersion = 17.7.34018.315
MinimumVisualStudioVersion = 10.0.40219.1
Project("{FAE04EC0-301F-11D3-BF4B-00C04F79EFBC}") = "Baithuyettrinh", "Baithuyettrinh\Baithuyettrinh.csproj", "{171609B3-7E24-416A-BBBE-164F7971A739}"
EndProject
Global
	GlobalSection(SolutionConfigurationPlatforms) = preSolution
		Debug|Any CPU = Debug|Any CPU
		Release|Any CPU = Release|Any CPU
	EndGlobalSection
	GlobalSection(ProjectConfigurationPlatforms) = postSolution
		{171609B3-7E24-416A-BBBE-164F7971A739}.Debug|Any CPU.ActiveCfg = Debug|Any CPU
		{171609B3-7E24-416A-BBBE-164F7971A739}.Debug|Any CPU.Build.0 = Debug|Any CPU
		{171609B3-7E24-416A-BBBE-164F7971A739}.Release|Any CPU.ActiveCfg = Release|Any CPU
		{171609B3-7E24-416A-BBBE-164F7971A739}.Release|Any CPU.Build.0 = Release|Any CPU
	EndGlobalSection
	GlobalSection(SolutionProperties) = preSolution
		HideSolutionNode = FALSE
	EndGlobalSection
	GlobalSection(ExtensibilityGlobals) = postSolution
		SolutionGuid = {ED1027CF-8F6F-4D88-8948-7516D0BBBF0B}
	EndGlobalSection
EndGlobal
